// !$*UTF8*$!
{
	archiveVersion = 1;
	classes = {
	};
	objectVersion = 56;
	objects = {

/* Begin PBXBuildFile section */
		B8000E102C782D5A0006106D /* CurrencyItemView.swift in Sources */ = {isa = PBXBuildFile; fileRef = B8000E0F2C782D5A0006106D /* CurrencyItemView.swift */; };
		B808338F2CA0D3F100B43E6D /* LanguageItem.swift in Sources */ = {isa = PBXBuildFile; fileRef = B808338E2CA0D3F100B43E6D /* LanguageItem.swift */; };
		B80833942CA0D56300B43E6D /* TranslationView.swift in Sources */ = {isa = PBXBuildFile; fileRef = B80833932CA0D56300B43E6D /* TranslationView.swift */; };
		B82023412C779CD8002F0494 /* Le_BaluchonApp.swift in Sources */ = {isa = PBXBuildFile; fileRef = B82023402C779CD8002F0494 /* Le_BaluchonApp.swift */; };
		B82023432C779CD8002F0494 /* CurrencyView.swift in Sources */ = {isa = PBXBuildFile; fileRef = B82023422C779CD8002F0494 /* CurrencyView.swift */; };
		B82023452C779CDA002F0494 /* Assets.xcassets in Resources */ = {isa = PBXBuildFile; fileRef = B82023442C779CDA002F0494 /* Assets.xcassets */; };
		B82023482C779CDA002F0494 /* Preview Assets.xcassets in Resources */ = {isa = PBXBuildFile; fileRef = B82023472C779CDA002F0494 /* Preview Assets.xcassets */; };
		B82023522C779CDA002F0494 /* OpenExchangeAPIServiceTests.swift in Sources */ = {isa = PBXBuildFile; fileRef = B82023512C779CDA002F0494 /* OpenExchangeAPIServiceTests.swift */; };
		B820236B2C779E44002F0494 /* CurrencyViewModel.swift in Sources */ = {isa = PBXBuildFile; fileRef = B820236A2C779E44002F0494 /* CurrencyViewModel.swift */; };
		B820236D2C779E58002F0494 /* OpenExchangeAPIService.swift in Sources */ = {isa = PBXBuildFile; fileRef = B820236C2C779E58002F0494 /* OpenExchangeAPIService.swift */; };
		B8BCA1442C89368100DEAB92 /* CurrencyItem.swift in Sources */ = {isa = PBXBuildFile; fileRef = B8BCA1432C89368100DEAB92 /* CurrencyItem.swift */; };
		B8BCA1462C8936AA00DEAB92 /* MockURLProtocol.swift in Sources */ = {isa = PBXBuildFile; fileRef = B820236E2C779E76002F0494 /* MockURLProtocol.swift */; };
		B8D1339A2C9AA3AA00983170 /* CurrencyViewModifiers.swift in Sources */ = {isa = PBXBuildFile; fileRef = B8D133992C9AA3AA00983170 /* CurrencyViewModifiers.swift */; };
		B8D5C2332CC8101B00D89923 /* WeatherInfoView.swift in Sources */ = {isa = PBXBuildFile; fileRef = B8D5C2322CC8101B00D89923 /* WeatherInfoView.swift */; };
		B8D5C2392CC93ACA00D89923 /* LocationInfoView.swift in Sources */ = {isa = PBXBuildFile; fileRef = B8D5C2382CC93ACA00D89923 /* LocationInfoView.swift */; };
		B8D5C23B2CC93AE100D89923 /* TemperatureInfoView.swift in Sources */ = {isa = PBXBuildFile; fileRef = B8D5C23A2CC93AE100D89923 /* TemperatureInfoView.swift */; };
		B8D5C23D2CC93AFD00D89923 /* ComplementaryInfoView.swift in Sources */ = {isa = PBXBuildFile; fileRef = B8D5C23C2CC93AFD00D89923 /* ComplementaryInfoView.swift */; };
		B8D5C2402CC98D5D00D89923 /* OpenWeatherAPIServiceTests.swift in Sources */ = {isa = PBXBuildFile; fileRef = B8D5C23F2CC98D5D00D89923 /* OpenWeatherAPIServiceTests.swift */; };
		B8D5C2432CC9AD4300D89923 /* WeatherViewModelTests.swift in Sources */ = {isa = PBXBuildFile; fileRef = B8D5C2422CC9AD4300D89923 /* WeatherViewModelTests.swift */; };
		B8D5C2452CC9B92600D89923 /* WeatherModel+Extensions.swift in Sources */ = {isa = PBXBuildFile; fileRef = B8D5C2442CC9B92600D89923 /* WeatherModel+Extensions.swift */; };
		B8EE5EBC2CC1533800C59C08 /* GoogleTranslationAPIServiceTests.swift in Sources */ = {isa = PBXBuildFile; fileRef = B8EE5EBB2CC1533800C59C08 /* GoogleTranslationAPIServiceTests.swift */; };
		B8EE5EC02CC1927800C59C08 /* TranslationViewModelTests.swift in Sources */ = {isa = PBXBuildFile; fileRef = B8EE5EBF2CC1927800C59C08 /* TranslationViewModelTests.swift */; };
		B8EE5EC22CC1C8CD00C59C08 /* WeatherViewModel.swift in Sources */ = {isa = PBXBuildFile; fileRef = B8EE5EC12CC1C8CD00C59C08 /* WeatherViewModel.swift */; };
		B8EE5EC52CC2653D00C59C08 /* OpenWeatherAPIService.swift in Sources */ = {isa = PBXBuildFile; fileRef = B8EE5EC42CC2653D00C59C08 /* OpenWeatherAPIService.swift */; };
		B8EE5EC92CC26D6D00C59C08 /* WeatherView.swift in Sources */ = {isa = PBXBuildFile; fileRef = B8EE5EC82CC26D6D00C59C08 /* WeatherView.swift */; };
		B8EE5ECC2CC2729100C59C08 /* WeatherModel.swift in Sources */ = {isa = PBXBuildFile; fileRef = B8EE5ECB2CC2729100C59C08 /* WeatherModel.swift */; };
		B8EE5ED22CC624D600C59C08 /* GoogleTranslationAPIResponse.swift in Sources */ = {isa = PBXBuildFile; fileRef = B8EE5ED12CC624D600C59C08 /* GoogleTranslationAPIResponse.swift */; };
		B8EE5ED42CC6260400C59C08 /* TranslationAPIServiceType.swift in Sources */ = {isa = PBXBuildFile; fileRef = B8EE5ED32CC6260400C59C08 /* TranslationAPIServiceType.swift */; };
		B8EE5ED72CC62AD600C59C08 /* GoogleTranslationAPIError.swift in Sources */ = {isa = PBXBuildFile; fileRef = B8EE5ED62CC62AD600C59C08 /* GoogleTranslationAPIError.swift */; };
		B8EE5EDA2CC6365C00C59C08 /* CurrencyAPIServiceType.swift in Sources */ = {isa = PBXBuildFile; fileRef = B8EE5ED92CC6365C00C59C08 /* CurrencyAPIServiceType.swift */; };
		B8EE5EDD2CC636D000C59C08 /* OpenExchangeAPIResponse.swift in Sources */ = {isa = PBXBuildFile; fileRef = B8EE5EDC2CC636D000C59C08 /* OpenExchangeAPIResponse.swift */; };
		B8EE5EDF2CC636E400C59C08 /* OpenExchangeAPIError.swift in Sources */ = {isa = PBXBuildFile; fileRef = B8EE5EDE2CC636E400C59C08 /* OpenExchangeAPIError.swift */; };
		B8EE5EE32CC63CE900C59C08 /* NumberFormatter.swift in Sources */ = {isa = PBXBuildFile; fileRef = B8EE5EE22CC63CE900C59C08 /* NumberFormatter.swift */; };
		B8EE5EE82CC64CA900C59C08 /* WeatherAPIServiceType.swift in Sources */ = {isa = PBXBuildFile; fileRef = B8EE5EE72CC64CA900C59C08 /* WeatherAPIServiceType.swift */; };
		B8EE5EEA2CC64D1F00C59C08 /* OpenWeatherAPIResponse.swift in Sources */ = {isa = PBXBuildFile; fileRef = B8EE5EE92CC64D1F00C59C08 /* OpenWeatherAPIResponse.swift */; };
		B8EE5EEC2CC64D7100C59C08 /* OpenWeatherAPIError.swift in Sources */ = {isa = PBXBuildFile; fileRef = B8EE5EEB2CC64D7100C59C08 /* OpenWeatherAPIError.swift */; };
		B8EE5EEE2CC69A9A00C59C08 /* DataStoreServiceType.swift in Sources */ = {isa = PBXBuildFile; fileRef = B8EE5EED2CC69A9A00C59C08 /* DataStoreServiceType.swift */; };
		B8F44D102C9AF2D500485418 /* CurrencyViewModelTests.swift in Sources */ = {isa = PBXBuildFile; fileRef = B8F44D0F2C9AF2D500485418 /* CurrencyViewModelTests.swift */; };
		B8F44D122C9B674700485418 /* UserDefaultsService.swift in Sources */ = {isa = PBXBuildFile; fileRef = B8F44D112C9B674700485418 /* UserDefaultsService.swift */; };
		B8FA60FD2CA17D320034046D /* BackgroundModifier.swift in Sources */ = {isa = PBXBuildFile; fileRef = B8FA60FC2CA17D320034046D /* BackgroundModifier.swift */; };
		B8FA60FF2CA1895E0034046D /* TranslationViewModel.swift in Sources */ = {isa = PBXBuildFile; fileRef = B8FA60FE2CA1895E0034046D /* TranslationViewModel.swift */; };
		B8FA61012CA1A6E10034046D /* GoogleTranslationAPIService.swift in Sources */ = {isa = PBXBuildFile; fileRef = B8FA61002CA1A6E10034046D /* GoogleTranslationAPIService.swift */; };
/* End PBXBuildFile section */

/* Begin PBXContainerItemProxy section */
		B820234E2C779CDA002F0494 /* PBXContainerItemProxy */ = {
			isa = PBXContainerItemProxy;
			containerPortal = B82023352C779CD8002F0494 /* Project object */;
			proxyType = 1;
			remoteGlobalIDString = B820233C2C779CD8002F0494;
			remoteInfo = "Le-Baluchon";
		};
/* End PBXContainerItemProxy section */

/* Begin PBXFileReference section */
		B8000E0F2C782D5A0006106D /* CurrencyItemView.swift */ = {isa = PBXFileReference; lastKnownFileType = sourcecode.swift; path = CurrencyItemView.swift; sourceTree = "<group>"; };
		B808338E2CA0D3F100B43E6D /* LanguageItem.swift */ = {isa = PBXFileReference; lastKnownFileType = sourcecode.swift; path = LanguageItem.swift; sourceTree = "<group>"; };
		B80833932CA0D56300B43E6D /* TranslationView.swift */ = {isa = PBXFileReference; lastKnownFileType = sourcecode.swift; path = TranslationView.swift; sourceTree = "<group>"; };
		B820233D2C779CD8002F0494 /* Le-Baluchon.app */ = {isa = PBXFileReference; explicitFileType = wrapper.application; includeInIndex = 0; path = "Le-Baluchon.app"; sourceTree = BUILT_PRODUCTS_DIR; };
		B82023402C779CD8002F0494 /* Le_BaluchonApp.swift */ = {isa = PBXFileReference; lastKnownFileType = sourcecode.swift; path = Le_BaluchonApp.swift; sourceTree = "<group>"; };
		B82023422C779CD8002F0494 /* CurrencyView.swift */ = {isa = PBXFileReference; lastKnownFileType = sourcecode.swift; path = CurrencyView.swift; sourceTree = "<group>"; };
		B82023442C779CDA002F0494 /* Assets.xcassets */ = {isa = PBXFileReference; lastKnownFileType = folder.assetcatalog; path = Assets.xcassets; sourceTree = "<group>"; };
		B82023472C779CDA002F0494 /* Preview Assets.xcassets */ = {isa = PBXFileReference; lastKnownFileType = folder.assetcatalog; path = "Preview Assets.xcassets"; sourceTree = "<group>"; };
		B820234D2C779CDA002F0494 /* Le-BaluchonTests.xctest */ = {isa = PBXFileReference; explicitFileType = wrapper.cfbundle; includeInIndex = 0; path = "Le-BaluchonTests.xctest"; sourceTree = BUILT_PRODUCTS_DIR; };
		B82023512C779CDA002F0494 /* OpenExchangeAPIServiceTests.swift */ = {isa = PBXFileReference; lastKnownFileType = sourcecode.swift; path = OpenExchangeAPIServiceTests.swift; sourceTree = "<group>"; };
		B820236A2C779E44002F0494 /* CurrencyViewModel.swift */ = {isa = PBXFileReference; lastKnownFileType = sourcecode.swift; path = CurrencyViewModel.swift; sourceTree = "<group>"; };
		B820236C2C779E58002F0494 /* OpenExchangeAPIService.swift */ = {isa = PBXFileReference; lastKnownFileType = sourcecode.swift; path = OpenExchangeAPIService.swift; sourceTree = "<group>"; };
		B820236E2C779E76002F0494 /* MockURLProtocol.swift */ = {isa = PBXFileReference; lastKnownFileType = sourcecode.swift; path = MockURLProtocol.swift; sourceTree = "<group>"; };
		B8BCA1432C89368100DEAB92 /* CurrencyItem.swift */ = {isa = PBXFileReference; lastKnownFileType = sourcecode.swift; path = CurrencyItem.swift; sourceTree = "<group>"; };
		B8D133992C9AA3AA00983170 /* CurrencyViewModifiers.swift */ = {isa = PBXFileReference; lastKnownFileType = sourcecode.swift; path = CurrencyViewModifiers.swift; sourceTree = "<group>"; };
		B8D5C2322CC8101B00D89923 /* WeatherInfoView.swift */ = {isa = PBXFileReference; lastKnownFileType = sourcecode.swift; path = WeatherInfoView.swift; sourceTree = "<group>"; };
		B8D5C2382CC93ACA00D89923 /* LocationInfoView.swift */ = {isa = PBXFileReference; lastKnownFileType = sourcecode.swift; path = LocationInfoView.swift; sourceTree = "<group>"; };
		B8D5C23A2CC93AE100D89923 /* TemperatureInfoView.swift */ = {isa = PBXFileReference; lastKnownFileType = sourcecode.swift; path = TemperatureInfoView.swift; sourceTree = "<group>"; };
		B8D5C23C2CC93AFD00D89923 /* ComplementaryInfoView.swift */ = {isa = PBXFileReference; lastKnownFileType = sourcecode.swift; path = ComplementaryInfoView.swift; sourceTree = "<group>"; };
		B8D5C23F2CC98D5D00D89923 /* OpenWeatherAPIServiceTests.swift */ = {isa = PBXFileReference; lastKnownFileType = sourcecode.swift; path = OpenWeatherAPIServiceTests.swift; sourceTree = "<group>"; };
		B8D5C2422CC9AD4300D89923 /* WeatherViewModelTests.swift */ = {isa = PBXFileReference; lastKnownFileType = sourcecode.swift; path = WeatherViewModelTests.swift; sourceTree = "<group>"; };
		B8D5C2442CC9B92600D89923 /* WeatherModel+Extensions.swift */ = {isa = PBXFileReference; lastKnownFileType = sourcecode.swift; path = "WeatherModel+Extensions.swift"; sourceTree = "<group>"; };
		B8EE5EBB2CC1533800C59C08 /* GoogleTranslationAPIServiceTests.swift */ = {isa = PBXFileReference; lastKnownFileType = sourcecode.swift; path = GoogleTranslationAPIServiceTests.swift; sourceTree = "<group>"; };
		B8EE5EBF2CC1927800C59C08 /* TranslationViewModelTests.swift */ = {isa = PBXFileReference; lastKnownFileType = sourcecode.swift; path = TranslationViewModelTests.swift; sourceTree = "<group>"; };
		B8EE5EC12CC1C8CD00C59C08 /* WeatherViewModel.swift */ = {isa = PBXFileReference; lastKnownFileType = sourcecode.swift; path = WeatherViewModel.swift; sourceTree = "<group>"; };
		B8EE5EC42CC2653D00C59C08 /* OpenWeatherAPIService.swift */ = {isa = PBXFileReference; lastKnownFileType = sourcecode.swift; path = OpenWeatherAPIService.swift; sourceTree = "<group>"; };
		B8EE5EC82CC26D6D00C59C08 /* WeatherView.swift */ = {isa = PBXFileReference; lastKnownFileType = sourcecode.swift; path = WeatherView.swift; sourceTree = "<group>"; };
		B8EE5ECB2CC2729100C59C08 /* WeatherModel.swift */ = {isa = PBXFileReference; lastKnownFileType = sourcecode.swift; path = WeatherModel.swift; sourceTree = "<group>"; };
		B8EE5ED12CC624D600C59C08 /* GoogleTranslationAPIResponse.swift */ = {isa = PBXFileReference; lastKnownFileType = sourcecode.swift; path = GoogleTranslationAPIResponse.swift; sourceTree = "<group>"; };
		B8EE5ED32CC6260400C59C08 /* TranslationAPIServiceType.swift */ = {isa = PBXFileReference; lastKnownFileType = sourcecode.swift; path = TranslationAPIServiceType.swift; sourceTree = "<group>"; };
		B8EE5ED62CC62AD600C59C08 /* GoogleTranslationAPIError.swift */ = {isa = PBXFileReference; lastKnownFileType = sourcecode.swift; path = GoogleTranslationAPIError.swift; sourceTree = "<group>"; };
		B8EE5ED92CC6365C00C59C08 /* CurrencyAPIServiceType.swift */ = {isa = PBXFileReference; lastKnownFileType = sourcecode.swift; path = CurrencyAPIServiceType.swift; sourceTree = "<group>"; };
		B8EE5EDC2CC636D000C59C08 /* OpenExchangeAPIResponse.swift */ = {isa = PBXFileReference; lastKnownFileType = sourcecode.swift; path = OpenExchangeAPIResponse.swift; sourceTree = "<group>"; };
		B8EE5EDE2CC636E400C59C08 /* OpenExchangeAPIError.swift */ = {isa = PBXFileReference; lastKnownFileType = sourcecode.swift; path = OpenExchangeAPIError.swift; sourceTree = "<group>"; };
		B8EE5EE22CC63CE900C59C08 /* NumberFormatter.swift */ = {isa = PBXFileReference; lastKnownFileType = sourcecode.swift; path = NumberFormatter.swift; sourceTree = "<group>"; };
		B8EE5EE72CC64CA900C59C08 /* WeatherAPIServiceType.swift */ = {isa = PBXFileReference; lastKnownFileType = sourcecode.swift; path = WeatherAPIServiceType.swift; sourceTree = "<group>"; };
		B8EE5EE92CC64D1F00C59C08 /* OpenWeatherAPIResponse.swift */ = {isa = PBXFileReference; lastKnownFileType = sourcecode.swift; path = OpenWeatherAPIResponse.swift; sourceTree = "<group>"; };
		B8EE5EEB2CC64D7100C59C08 /* OpenWeatherAPIError.swift */ = {isa = PBXFileReference; lastKnownFileType = sourcecode.swift; path = OpenWeatherAPIError.swift; sourceTree = "<group>"; };
		B8EE5EED2CC69A9A00C59C08 /* DataStoreServiceType.swift */ = {isa = PBXFileReference; lastKnownFileType = sourcecode.swift; path = DataStoreServiceType.swift; sourceTree = "<group>"; };
		B8F44D0F2C9AF2D500485418 /* CurrencyViewModelTests.swift */ = {isa = PBXFileReference; lastKnownFileType = sourcecode.swift; path = CurrencyViewModelTests.swift; sourceTree = "<group>"; };
		B8F44D112C9B674700485418 /* UserDefaultsService.swift */ = {isa = PBXFileReference; lastKnownFileType = sourcecode.swift; path = UserDefaultsService.swift; sourceTree = "<group>"; };
		B8FA60FC2CA17D320034046D /* BackgroundModifier.swift */ = {isa = PBXFileReference; lastKnownFileType = sourcecode.swift; path = BackgroundModifier.swift; sourceTree = "<group>"; };
		B8FA60FE2CA1895E0034046D /* TranslationViewModel.swift */ = {isa = PBXFileReference; lastKnownFileType = sourcecode.swift; path = TranslationViewModel.swift; sourceTree = "<group>"; };
		B8FA61002CA1A6E10034046D /* GoogleTranslationAPIService.swift */ = {isa = PBXFileReference; lastKnownFileType = sourcecode.swift; path = GoogleTranslationAPIService.swift; sourceTree = "<group>"; };
/* End PBXFileReference section */

/* Begin PBXFrameworksBuildPhase section */
		B820233A2C779CD8002F0494 /* Frameworks */ = {
			isa = PBXFrameworksBuildPhase;
			buildActionMask = 2147483647;
			files = (
			);
			runOnlyForDeploymentPostprocessing = 0;
		};
		B820234A2C779CDA002F0494 /* Frameworks */ = {
			isa = PBXFrameworksBuildPhase;
			buildActionMask = 2147483647;
			files = (
			);
			runOnlyForDeploymentPostprocessing = 0;
		};
/* End PBXFrameworksBuildPhase section */

/* Begin PBXGroup section */
		B808338D2CA0D01D00B43E6D /* Translation */ = {
			isa = PBXGroup;
			children = (
				B80833922CA0D55800B43E6D /* View */,
				B80833912CA0D53F00B43E6D /* ViewModel */,
				B80833902CA0D53600B43E6D /* Model */,
			);
			path = Translation;
			sourceTree = "<group>";
		};
		B80833902CA0D53600B43E6D /* Model */ = {
			isa = PBXGroup;
			children = (
				B808338E2CA0D3F100B43E6D /* LanguageItem.swift */,
			);
			path = Model;
			sourceTree = "<group>";
		};
		B80833912CA0D53F00B43E6D /* ViewModel */ = {
			isa = PBXGroup;
			children = (
				B8FA60FE2CA1895E0034046D /* TranslationViewModel.swift */,
				B8EE5EBE2CC191CD00C59C08 /* Services */,
			);
			path = ViewModel;
			sourceTree = "<group>";
		};
		B80833922CA0D55800B43E6D /* View */ = {
			isa = PBXGroup;
			children = (
				B80833932CA0D56300B43E6D /* TranslationView.swift */,
			);
			path = View;
			sourceTree = "<group>";
		};
		B82023342C779CD8002F0494 = {
			isa = PBXGroup;
			children = (
				B820233F2C779CD8002F0494 /* Le-Baluchon */,
				B82023502C779CDA002F0494 /* Le-BaluchonTests */,
				B820233E2C779CD8002F0494 /* Products */,
			);
			sourceTree = "<group>";
		};
		B820233E2C779CD8002F0494 /* Products */ = {
			isa = PBXGroup;
			children = (
				B820233D2C779CD8002F0494 /* Le-Baluchon.app */,
				B820234D2C779CDA002F0494 /* Le-BaluchonTests.xctest */,
			);
			name = Products;
			sourceTree = "<group>";
		};
		B820233F2C779CD8002F0494 /* Le-Baluchon */ = {
			isa = PBXGroup;
			children = (
				B82023402C779CD8002F0494 /* Le_BaluchonApp.swift */,
				B8FA60FC2CA17D320034046D /* BackgroundModifier.swift */,
				B8EE5EC32CC2652000C59C08 /* Weather */,
				B8BCA1452C89368D00DEAB92 /* Currency */,
				B808338D2CA0D01D00B43E6D /* Translation */,
				B8BCA1472C8936B400DEAB92 /* Ressources */,
				B82023462C779CDA002F0494 /* Preview Content */,
			);
			path = "Le-Baluchon";
			sourceTree = "<group>";
		};
		B82023462C779CDA002F0494 /* Preview Content */ = {
			isa = PBXGroup;
			children = (
				B82023472C779CDA002F0494 /* Preview Assets.xcassets */,
			);
			path = "Preview Content";
			sourceTree = "<group>";
		};
		B82023502C779CDA002F0494 /* Le-BaluchonTests */ = {
			isa = PBXGroup;
			children = (
				B820236E2C779E76002F0494 /* MockURLProtocol.swift */,
				B8EE5EBD2CC190D900C59C08 /* TranslationTests */,
				B8EE5EBA2CC1530100C59C08 /* CurrencyTests */,
				B8D5C2412CC98D6100D89923 /* WeatherTests */,
			);
			path = "Le-BaluchonTests";
			sourceTree = "<group>";
		};
		B8BCA1452C89368D00DEAB92 /* Currency */ = {
			isa = PBXGroup;
			children = (
				B8F44D132C9C364200485418 /* View */,
				B8F44D142C9C366100485418 /* ViewModel */,
				B8F44D152C9C368000485418 /* Model */,
			);
			path = Currency;
			sourceTree = "<group>";
		};
		B8BCA1472C8936B400DEAB92 /* Ressources */ = {
			isa = PBXGroup;
			children = (
				B82023442C779CDA002F0494 /* Assets.xcassets */,
			);
			path = Ressources;
			sourceTree = "<group>";
		};
		B8D5C23E2CC93B0400D89923 /* WeatherInfoSubViews */ = {
			isa = PBXGroup;
			children = (
				B8D5C2382CC93ACA00D89923 /* LocationInfoView.swift */,
				B8D5C23A2CC93AE100D89923 /* TemperatureInfoView.swift */,
				B8D5C23C2CC93AFD00D89923 /* ComplementaryInfoView.swift */,
			);
			path = WeatherInfoSubViews;
			sourceTree = "<group>";
		};
		B8D5C2412CC98D6100D89923 /* WeatherTests */ = {
			isa = PBXGroup;
			children = (
				B8D5C23F2CC98D5D00D89923 /* OpenWeatherAPIServiceTests.swift */,
				B8D5C2422CC9AD4300D89923 /* WeatherViewModelTests.swift */,
			);
			path = WeatherTests;
			sourceTree = "<group>";
		};
		B8EE5EBA2CC1530100C59C08 /* CurrencyTests */ = {
			isa = PBXGroup;
			children = (
				B82023512C779CDA002F0494 /* OpenExchangeAPIServiceTests.swift */,
				B8F44D0F2C9AF2D500485418 /* CurrencyViewModelTests.swift */,
			);
			path = CurrencyTests;
			sourceTree = "<group>";
		};
		B8EE5EBD2CC190D900C59C08 /* TranslationTests */ = {
			isa = PBXGroup;
			children = (
				B8EE5EBB2CC1533800C59C08 /* GoogleTranslationAPIServiceTests.swift */,
				B8EE5EBF2CC1927800C59C08 /* TranslationViewModelTests.swift */,
			);
			path = TranslationTests;
			sourceTree = "<group>";
		};
		B8EE5EBE2CC191CD00C59C08 /* Services */ = {
			isa = PBXGroup;
			children = (
				B8EE5ECE2CC623ED00C59C08 /* API */,
			);
			path = Services;
			sourceTree = "<group>";
		};
		B8EE5EC32CC2652000C59C08 /* Weather */ = {
			isa = PBXGroup;
			children = (
				B8EE5ECA2CC26D7200C59C08 /* View */,
				B8EE5EC62CC26D2A00C59C08 /* ViewModel */,
				B8EE5ECD2CC2729400C59C08 /* Model */,
			);
			path = Weather;
			sourceTree = "<group>";
		};
		B8EE5EC62CC26D2A00C59C08 /* ViewModel */ = {
			isa = PBXGroup;
			children = (
				B8EE5EC12CC1C8CD00C59C08 /* WeatherViewModel.swift */,
				B8EE5EC72CC26D3800C59C08 /* Services */,
			);
			path = ViewModel;
			sourceTree = "<group>";
		};
		B8EE5EC72CC26D3800C59C08 /* Services */ = {
			isa = PBXGroup;
			children = (
				B8EE5EE62CC64C8200C59C08 /* API */,
			);
			path = Services;
			sourceTree = "<group>";
		};
		B8EE5ECA2CC26D7200C59C08 /* View */ = {
			isa = PBXGroup;
			children = (
				B8EE5EC82CC26D6D00C59C08 /* WeatherView.swift */,
				B8D5C2322CC8101B00D89923 /* WeatherInfoView.swift */,
				B8D5C23E2CC93B0400D89923 /* WeatherInfoSubViews */,
			);
			path = View;
			sourceTree = "<group>";
		};
		B8EE5ECD2CC2729400C59C08 /* Model */ = {
			isa = PBXGroup;
			children = (
				B8EE5ECB2CC2729100C59C08 /* WeatherModel.swift */,
				B8D5C2442CC9B92600D89923 /* WeatherModel+Extensions.swift */,
			);
			path = Model;
			sourceTree = "<group>";
		};
		B8EE5ECE2CC623ED00C59C08 /* API */ = {
			isa = PBXGroup;
			children = (
				B8EE5ED32CC6260400C59C08 /* TranslationAPIServiceType.swift */,
				B8EE5ED52CC6270200C59C08 /* GoogleTranslationAPI */,
			);
			path = API;
			sourceTree = "<group>";
		};
		B8EE5ED52CC6270200C59C08 /* GoogleTranslationAPI */ = {
			isa = PBXGroup;
			children = (
				B8FA61002CA1A6E10034046D /* GoogleTranslationAPIService.swift */,
				B8EE5ED12CC624D600C59C08 /* GoogleTranslationAPIResponse.swift */,
				B8EE5ED62CC62AD600C59C08 /* GoogleTranslationAPIError.swift */,
			);
			path = GoogleTranslationAPI;
			sourceTree = "<group>";
		};
		B8EE5ED82CC6363E00C59C08 /* API */ = {
			isa = PBXGroup;
			children = (
				B8EE5ED92CC6365C00C59C08 /* CurrencyAPIServiceType.swift */,
				B8EE5EDB2CC6367400C59C08 /* OpenExchangeAPI */,
			);
			name = API;
			sourceTree = "<group>";
		};
		B8EE5EDB2CC6367400C59C08 /* OpenExchangeAPI */ = {
			isa = PBXGroup;
			children = (
				B820236C2C779E58002F0494 /* OpenExchangeAPIService.swift */,
				B8EE5EDC2CC636D000C59C08 /* OpenExchangeAPIResponse.swift */,
				B8EE5EDE2CC636E400C59C08 /* OpenExchangeAPIError.swift */,
			);
			name = OpenExchangeAPI;
			sourceTree = "<group>";
		};
		B8EE5EE02CC63C9300C59C08 /* DataStore */ = {
			isa = PBXGroup;
			children = (
				B8EE5EED2CC69A9A00C59C08 /* DataStoreServiceType.swift */,
				B8EE5EEF2CC69AB400C59C08 /* UserDefaults */,
			);
			name = DataStore;
			sourceTree = "<group>";
		};
		B8EE5EE12CC63CAA00C59C08 /* Formatting */ = {
			isa = PBXGroup;
			children = (
				B8EE5EE22CC63CE900C59C08 /* NumberFormatter.swift */,
			);
			name = Formatting;
			sourceTree = "<group>";
		};
		B8EE5EE52CC64C5300C59C08 /* OpenWeatherAPI */ = {
			isa = PBXGroup;
			children = (
				B8EE5EC42CC2653D00C59C08 /* OpenWeatherAPIService.swift */,
				B8EE5EE92CC64D1F00C59C08 /* OpenWeatherAPIResponse.swift */,
				B8EE5EEB2CC64D7100C59C08 /* OpenWeatherAPIError.swift */,
			);
			path = OpenWeatherAPI;
			sourceTree = "<group>";
		};
		B8EE5EE62CC64C8200C59C08 /* API */ = {
			isa = PBXGroup;
			children = (
				B8EE5EE72CC64CA900C59C08 /* WeatherAPIServiceType.swift */,
				B8EE5EE52CC64C5300C59C08 /* OpenWeatherAPI */,
			);
			path = API;
			sourceTree = "<group>";
		};
		B8EE5EEF2CC69AB400C59C08 /* UserDefaults */ = {
			isa = PBXGroup;
			children = (
				B8F44D112C9B674700485418 /* UserDefaultsService.swift */,
			);
			name = UserDefaults;
			sourceTree = "<group>";
		};
		B8F44D132C9C364200485418 /* View */ = {
			isa = PBXGroup;
			children = (
				B82023422C779CD8002F0494 /* CurrencyView.swift */,
				B8D133992C9AA3AA00983170 /* CurrencyViewModifiers.swift */,
				B8000E0F2C782D5A0006106D /* CurrencyItemView.swift */,
			);
			name = View;
			sourceTree = "<group>";
		};
		B8F44D142C9C366100485418 /* ViewModel */ = {
			isa = PBXGroup;
			children = (
				B820236A2C779E44002F0494 /* CurrencyViewModel.swift */,
				B8F44D162C9C369800485418 /* Services */,
			);
			name = ViewModel;
			sourceTree = "<group>";
		};
		B8F44D152C9C368000485418 /* Model */ = {
			isa = PBXGroup;
			children = (
				B8BCA1432C89368100DEAB92 /* CurrencyItem.swift */,
			);
			name = Model;
			sourceTree = "<group>";
		};
		B8F44D162C9C369800485418 /* Services */ = {
			isa = PBXGroup;
			children = (
				B8EE5ED82CC6363E00C59C08 /* API */,
				B8EE5EE02CC63C9300C59C08 /* DataStore */,
				B8EE5EE12CC63CAA00C59C08 /* Formatting */,
			);
			name = Services;
			sourceTree = "<group>";
		};
/* End PBXGroup section */

/* Begin PBXNativeTarget section */
		B820233C2C779CD8002F0494 /* Le-Baluchon */ = {
			isa = PBXNativeTarget;
			buildConfigurationList = B82023612C779CDB002F0494 /* Build configuration list for PBXNativeTarget "Le-Baluchon" */;
			buildPhases = (
				B82023392C779CD8002F0494 /* Sources */,
				B820233A2C779CD8002F0494 /* Frameworks */,
				B820233B2C779CD8002F0494 /* Resources */,
			);
			buildRules = (
			);
			dependencies = (
			);
			name = "Le-Baluchon";
			productName = "Le-Baluchon";
			productReference = B820233D2C779CD8002F0494 /* Le-Baluchon.app */;
			productType = "com.apple.product-type.application";
		};
		B820234C2C779CDA002F0494 /* Le-BaluchonTests */ = {
			isa = PBXNativeTarget;
			buildConfigurationList = B82023642C779CDB002F0494 /* Build configuration list for PBXNativeTarget "Le-BaluchonTests" */;
			buildPhases = (
				B82023492C779CDA002F0494 /* Sources */,
				B820234A2C779CDA002F0494 /* Frameworks */,
				B820234B2C779CDA002F0494 /* Resources */,
			);
			buildRules = (
			);
			dependencies = (
				B820234F2C779CDA002F0494 /* PBXTargetDependency */,
			);
			name = "Le-BaluchonTests";
			productName = "Le-BaluchonTests";
			productReference = B820234D2C779CDA002F0494 /* Le-BaluchonTests.xctest */;
			productType = "com.apple.product-type.bundle.unit-test";
		};
/* End PBXNativeTarget section */

/* Begin PBXProject section */
		B82023352C779CD8002F0494 /* Project object */ = {
			isa = PBXProject;
			attributes = {
				BuildIndependentTargetsInParallel = 1;
				LastSwiftUpdateCheck = 1510;
				LastUpgradeCheck = 1510;
				TargetAttributes = {
					B820233C2C779CD8002F0494 = {
						CreatedOnToolsVersion = 15.1;
					};
					B820234C2C779CDA002F0494 = {
						CreatedOnToolsVersion = 15.1;
						TestTargetID = B820233C2C779CD8002F0494;
					};
				};
			};
			buildConfigurationList = B82023382C779CD8002F0494 /* Build configuration list for PBXProject "Le-Baluchon" */;
			compatibilityVersion = "Xcode 14.0";
			developmentRegion = en;
			hasScannedForEncodings = 0;
			knownRegions = (
				en,
				Base,
			);
			mainGroup = B82023342C779CD8002F0494;
			productRefGroup = B820233E2C779CD8002F0494 /* Products */;
			projectDirPath = "";
			projectRoot = "";
			targets = (
				B820233C2C779CD8002F0494 /* Le-Baluchon */,
				B820234C2C779CDA002F0494 /* Le-BaluchonTests */,
			);
		};
/* End PBXProject section */

/* Begin PBXResourcesBuildPhase section */
		B820233B2C779CD8002F0494 /* Resources */ = {
			isa = PBXResourcesBuildPhase;
			buildActionMask = 2147483647;
			files = (
				B82023482C779CDA002F0494 /* Preview Assets.xcassets in Resources */,
				B82023452C779CDA002F0494 /* Assets.xcassets in Resources */,
			);
			runOnlyForDeploymentPostprocessing = 0;
		};
		B820234B2C779CDA002F0494 /* Resources */ = {
			isa = PBXResourcesBuildPhase;
			buildActionMask = 2147483647;
			files = (
			);
			runOnlyForDeploymentPostprocessing = 0;
		};
/* End PBXResourcesBuildPhase section */

/* Begin PBXSourcesBuildPhase section */
		B82023392C779CD8002F0494 /* Sources */ = {
			isa = PBXSourcesBuildPhase;
			buildActionMask = 2147483647;
			files = (
				B8EE5EEC2CC64D7100C59C08 /* OpenWeatherAPIError.swift in Sources */,
				B8EE5EC52CC2653D00C59C08 /* OpenWeatherAPIService.swift in Sources */,
				B8BCA1442C89368100DEAB92 /* CurrencyItem.swift in Sources */,
				B8EE5EDD2CC636D000C59C08 /* OpenExchangeAPIResponse.swift in Sources */,
				B8F44D122C9B674700485418 /* UserDefaultsService.swift in Sources */,
				B8EE5EEA2CC64D1F00C59C08 /* OpenWeatherAPIResponse.swift in Sources */,
				B8EE5EE82CC64CA900C59C08 /* WeatherAPIServiceType.swift in Sources */,
				B8D5C2392CC93ACA00D89923 /* LocationInfoView.swift in Sources */,
				B8D1339A2C9AA3AA00983170 /* CurrencyViewModifiers.swift in Sources */,
				B8EE5EC22CC1C8CD00C59C08 /* WeatherViewModel.swift in Sources */,
				B82023432C779CD8002F0494 /* CurrencyView.swift in Sources */,
				B8D5C23B2CC93AE100D89923 /* TemperatureInfoView.swift in Sources */,
				B8D5C2452CC9B92600D89923 /* WeatherModel+Extensions.swift in Sources */,
				B80833942CA0D56300B43E6D /* TranslationView.swift in Sources */,
				B8EE5EC92CC26D6D00C59C08 /* WeatherView.swift in Sources */,
				B8EE5ED22CC624D600C59C08 /* GoogleTranslationAPIResponse.swift in Sources */,
				B8D5C23D2CC93AFD00D89923 /* ComplementaryInfoView.swift in Sources */,
				B820236D2C779E58002F0494 /* OpenExchangeAPIService.swift in Sources */,
				B8FA61012CA1A6E10034046D /* GoogleTranslationAPIService.swift in Sources */,
				B8000E102C782D5A0006106D /* CurrencyItemView.swift in Sources */,
				B8EE5EE32CC63CE900C59C08 /* NumberFormatter.swift in Sources */,
				B8EE5ED42CC6260400C59C08 /* TranslationAPIServiceType.swift in Sources */,
				B808338F2CA0D3F100B43E6D /* LanguageItem.swift in Sources */,
				B8FA60FF2CA1895E0034046D /* TranslationViewModel.swift in Sources */,
				B8FA60FD2CA17D320034046D /* BackgroundModifier.swift in Sources */,
				B8EE5EDF2CC636E400C59C08 /* OpenExchangeAPIError.swift in Sources */,
				B8EE5ECC2CC2729100C59C08 /* WeatherModel.swift in Sources */,
				B820236B2C779E44002F0494 /* CurrencyViewModel.swift in Sources */,
				B8EE5ED72CC62AD600C59C08 /* GoogleTranslationAPIError.swift in Sources */,
				B82023412C779CD8002F0494 /* Le_BaluchonApp.swift in Sources */,
				B8D5C2332CC8101B00D89923 /* WeatherInfoView.swift in Sources */,
				B8EE5EDA2CC6365C00C59C08 /* CurrencyAPIServiceType.swift in Sources */,
				B8EE5EEE2CC69A9A00C59C08 /* DataStoreServiceType.swift in Sources */,
			);
			runOnlyForDeploymentPostprocessing = 0;
		};
		B82023492C779CDA002F0494 /* Sources */ = {
			isa = PBXSourcesBuildPhase;
			buildActionMask = 2147483647;
			files = (
				B8EE5EBC2CC1533800C59C08 /* GoogleTranslationAPIServiceTests.swift in Sources */,
				B82023522C779CDA002F0494 /* OpenExchangeAPIServiceTests.swift in Sources */,
				B8D5C2402CC98D5D00D89923 /* OpenWeatherAPIServiceTests.swift in Sources */,
				B8EE5EC02CC1927800C59C08 /* TranslationViewModelTests.swift in Sources */,
				B8D5C2432CC9AD4300D89923 /* WeatherViewModelTests.swift in Sources */,
				B8BCA1462C8936AA00DEAB92 /* MockURLProtocol.swift in Sources */,
				B8F44D102C9AF2D500485418 /* CurrencyViewModelTests.swift in Sources */,
			);
			runOnlyForDeploymentPostprocessing = 0;
		};
/* End PBXSourcesBuildPhase section */

/* Begin PBXTargetDependency section */
		B820234F2C779CDA002F0494 /* PBXTargetDependency */ = {
			isa = PBXTargetDependency;
			target = B820233C2C779CD8002F0494 /* Le-Baluchon */;
			targetProxy = B820234E2C779CDA002F0494 /* PBXContainerItemProxy */;
		};
/* End PBXTargetDependency section */

/* Begin XCBuildConfiguration section */
		B820235F2C779CDB002F0494 /* Debug */ = {
			isa = XCBuildConfiguration;
			buildSettings = {
				ALWAYS_SEARCH_USER_PATHS = NO;
				ASSETCATALOG_COMPILER_GENERATE_SWIFT_ASSET_SYMBOL_EXTENSIONS = YES;
				CLANG_ANALYZER_NONNULL = YES;
				CLANG_ANALYZER_NUMBER_OBJECT_CONVERSION = YES_AGGRESSIVE;
				CLANG_CXX_LANGUAGE_STANDARD = "gnu++20";
				CLANG_ENABLE_MODULES = YES;
				CLANG_ENABLE_OBJC_ARC = YES;
				CLANG_ENABLE_OBJC_WEAK = YES;
				CLANG_WARN_BLOCK_CAPTURE_AUTORELEASING = YES;
				CLANG_WARN_BOOL_CONVERSION = YES;
				CLANG_WARN_COMMA = YES;
				CLANG_WARN_CONSTANT_CONVERSION = YES;
				CLANG_WARN_DEPRECATED_OBJC_IMPLEMENTATIONS = YES;
				CLANG_WARN_DIRECT_OBJC_ISA_USAGE = YES_ERROR;
				CLANG_WARN_DOCUMENTATION_COMMENTS = YES;
				CLANG_WARN_EMPTY_BODY = YES;
				CLANG_WARN_ENUM_CONVERSION = YES;
				CLANG_WARN_INFINITE_RECURSION = YES;
				CLANG_WARN_INT_CONVERSION = YES;
				CLANG_WARN_NON_LITERAL_NULL_CONVERSION = YES;
				CLANG_WARN_OBJC_IMPLICIT_RETAIN_SELF = YES;
				CLANG_WARN_OBJC_LITERAL_CONVERSION = YES;
				CLANG_WARN_OBJC_ROOT_CLASS = YES_ERROR;
				CLANG_WARN_QUOTED_INCLUDE_IN_FRAMEWORK_HEADER = YES;
				CLANG_WARN_RANGE_LOOP_ANALYSIS = YES;
				CLANG_WARN_STRICT_PROTOTYPES = YES;
				CLANG_WARN_SUSPICIOUS_MOVE = YES;
				CLANG_WARN_UNGUARDED_AVAILABILITY = YES_AGGRESSIVE;
				CLANG_WARN_UNREACHABLE_CODE = YES;
				CLANG_WARN__DUPLICATE_METHOD_MATCH = YES;
				COPY_PHASE_STRIP = NO;
				DEBUG_INFORMATION_FORMAT = dwarf;
				ENABLE_STRICT_OBJC_MSGSEND = YES;
				ENABLE_TESTABILITY = YES;
				ENABLE_USER_SCRIPT_SANDBOXING = YES;
				GCC_C_LANGUAGE_STANDARD = gnu17;
				GCC_DYNAMIC_NO_PIC = NO;
				GCC_NO_COMMON_BLOCKS = YES;
				GCC_OPTIMIZATION_LEVEL = 0;
				GCC_PREPROCESSOR_DEFINITIONS = (
					"DEBUG=1",
					"$(inherited)",
				);
				GCC_WARN_64_TO_32_BIT_CONVERSION = YES;
				GCC_WARN_ABOUT_RETURN_TYPE = YES_ERROR;
				GCC_WARN_UNDECLARED_SELECTOR = YES;
				GCC_WARN_UNINITIALIZED_AUTOS = YES_AGGRESSIVE;
				GCC_WARN_UNUSED_FUNCTION = YES;
				GCC_WARN_UNUSED_VARIABLE = YES;
				IPHONEOS_DEPLOYMENT_TARGET = 17.2;
				LOCALIZATION_PREFERS_STRING_CATALOGS = YES;
				MTL_ENABLE_DEBUG_INFO = INCLUDE_SOURCE;
				MTL_FAST_MATH = YES;
				ONLY_ACTIVE_ARCH = YES;
				SDKROOT = iphoneos;
				SWIFT_ACTIVE_COMPILATION_CONDITIONS = "DEBUG $(inherited)";
				SWIFT_OPTIMIZATION_LEVEL = "-Onone";
			};
			name = Debug;
		};
		B82023602C779CDB002F0494 /* Release */ = {
			isa = XCBuildConfiguration;
			buildSettings = {
				ALWAYS_SEARCH_USER_PATHS = NO;
				ASSETCATALOG_COMPILER_GENERATE_SWIFT_ASSET_SYMBOL_EXTENSIONS = YES;
				CLANG_ANALYZER_NONNULL = YES;
				CLANG_ANALYZER_NUMBER_OBJECT_CONVERSION = YES_AGGRESSIVE;
				CLANG_CXX_LANGUAGE_STANDARD = "gnu++20";
				CLANG_ENABLE_MODULES = YES;
				CLANG_ENABLE_OBJC_ARC = YES;
				CLANG_ENABLE_OBJC_WEAK = YES;
				CLANG_WARN_BLOCK_CAPTURE_AUTORELEASING = YES;
				CLANG_WARN_BOOL_CONVERSION = YES;
				CLANG_WARN_COMMA = YES;
				CLANG_WARN_CONSTANT_CONVERSION = YES;
				CLANG_WARN_DEPRECATED_OBJC_IMPLEMENTATIONS = YES;
				CLANG_WARN_DIRECT_OBJC_ISA_USAGE = YES_ERROR;
				CLANG_WARN_DOCUMENTATION_COMMENTS = YES;
				CLANG_WARN_EMPTY_BODY = YES;
				CLANG_WARN_ENUM_CONVERSION = YES;
				CLANG_WARN_INFINITE_RECURSION = YES;
				CLANG_WARN_INT_CONVERSION = YES;
				CLANG_WARN_NON_LITERAL_NULL_CONVERSION = YES;
				CLANG_WARN_OBJC_IMPLICIT_RETAIN_SELF = YES;
				CLANG_WARN_OBJC_LITERAL_CONVERSION = YES;
				CLANG_WARN_OBJC_ROOT_CLASS = YES_ERROR;
				CLANG_WARN_QUOTED_INCLUDE_IN_FRAMEWORK_HEADER = YES;
				CLANG_WARN_RANGE_LOOP_ANALYSIS = YES;
				CLANG_WARN_STRICT_PROTOTYPES = YES;
				CLANG_WARN_SUSPICIOUS_MOVE = YES;
				CLANG_WARN_UNGUARDED_AVAILABILITY = YES_AGGRESSIVE;
				CLANG_WARN_UNREACHABLE_CODE = YES;
				CLANG_WARN__DUPLICATE_METHOD_MATCH = YES;
				COPY_PHASE_STRIP = NO;
				DEBUG_INFORMATION_FORMAT = "dwarf-with-dsym";
				ENABLE_NS_ASSERTIONS = NO;
				ENABLE_STRICT_OBJC_MSGSEND = YES;
				ENABLE_USER_SCRIPT_SANDBOXING = YES;
				GCC_C_LANGUAGE_STANDARD = gnu17;
				GCC_NO_COMMON_BLOCKS = YES;
				GCC_WARN_64_TO_32_BIT_CONVERSION = YES;
				GCC_WARN_ABOUT_RETURN_TYPE = YES_ERROR;
				GCC_WARN_UNDECLARED_SELECTOR = YES;
				GCC_WARN_UNINITIALIZED_AUTOS = YES_AGGRESSIVE;
				GCC_WARN_UNUSED_FUNCTION = YES;
				GCC_WARN_UNUSED_VARIABLE = YES;
				IPHONEOS_DEPLOYMENT_TARGET = 17.2;
				LOCALIZATION_PREFERS_STRING_CATALOGS = YES;
				MTL_ENABLE_DEBUG_INFO = NO;
				MTL_FAST_MATH = YES;
				SDKROOT = iphoneos;
				SWIFT_COMPILATION_MODE = wholemodule;
				VALIDATE_PRODUCT = YES;
			};
			name = Release;
		};
		B82023622C779CDB002F0494 /* Debug */ = {
			isa = XCBuildConfiguration;
			buildSettings = {
				ASSETCATALOG_COMPILER_APPICON_NAME = AppIcon;
				ASSETCATALOG_COMPILER_GLOBAL_ACCENT_COLOR_NAME = AccentColor;
				CODE_SIGN_STYLE = Automatic;
				CURRENT_PROJECT_VERSION = 1;
				DEVELOPMENT_ASSET_PATHS = "\"Le-Baluchon/Preview Content\"";
				DEVELOPMENT_TEAM = CJ4U3HXF7J;
				ENABLE_PREVIEWS = YES;
				GENERATE_INFOPLIST_FILE = YES;
				INFOPLIST_KEY_UIApplicationSceneManifest_Generation = YES;
				INFOPLIST_KEY_UIApplicationSupportsIndirectInputEvents = YES;
				INFOPLIST_KEY_UILaunchScreen_Generation = YES;
				INFOPLIST_KEY_UISupportedInterfaceOrientations_iPad = "UIInterfaceOrientationPortrait UIInterfaceOrientationPortraitUpsideDown UIInterfaceOrientationLandscapeLeft UIInterfaceOrientationLandscapeRight";
				INFOPLIST_KEY_UISupportedInterfaceOrientations_iPhone = "UIInterfaceOrientationPortrait UIInterfaceOrientationLandscapeLeft UIInterfaceOrientationLandscapeRight";
				LD_RUNPATH_SEARCH_PATHS = (
					"$(inherited)",
					"@executable_path/Frameworks",
				);
				MARKETING_VERSION = 1.0;
				PRODUCT_BUNDLE_IDENTIFIER = "fr.RedouaneAmour.Le-Baluchon";
				PRODUCT_NAME = "$(TARGET_NAME)";
				SWIFT_EMIT_LOC_STRINGS = YES;
				SWIFT_VERSION = 5.0;
				TARGETED_DEVICE_FAMILY = "1,2";
			};
			name = Debug;
		};
		B82023632C779CDB002F0494 /* Release */ = {
			isa = XCBuildConfiguration;
			buildSettings = {
				ASSETCATALOG_COMPILER_APPICON_NAME = AppIcon;
				ASSETCATALOG_COMPILER_GLOBAL_ACCENT_COLOR_NAME = AccentColor;
				CODE_SIGN_STYLE = Automatic;
				CURRENT_PROJECT_VERSION = 1;
				DEVELOPMENT_ASSET_PATHS = "\"Le-Baluchon/Preview Content\"";
				DEVELOPMENT_TEAM = CJ4U3HXF7J;
				ENABLE_PREVIEWS = YES;
				GENERATE_INFOPLIST_FILE = YES;
				INFOPLIST_KEY_UIApplicationSceneManifest_Generation = YES;
				INFOPLIST_KEY_UIApplicationSupportsIndirectInputEvents = YES;
				INFOPLIST_KEY_UILaunchScreen_Generation = YES;
				INFOPLIST_KEY_UISupportedInterfaceOrientations_iPad = "UIInterfaceOrientationPortrait UIInterfaceOrientationPortraitUpsideDown UIInterfaceOrientationLandscapeLeft UIInterfaceOrientationLandscapeRight";
				INFOPLIST_KEY_UISupportedInterfaceOrientations_iPhone = "UIInterfaceOrientationPortrait UIInterfaceOrientationLandscapeLeft UIInterfaceOrientationLandscapeRight";
				LD_RUNPATH_SEARCH_PATHS = (
					"$(inherited)",
					"@executable_path/Frameworks",
				);
				MARKETING_VERSION = 1.0;
				PRODUCT_BUNDLE_IDENTIFIER = "fr.RedouaneAmour.Le-Baluchon";
				PRODUCT_NAME = "$(TARGET_NAME)";
				SWIFT_EMIT_LOC_STRINGS = YES;
				SWIFT_VERSION = 5.0;
				TARGETED_DEVICE_FAMILY = "1,2";
			};
			name = Release;
		};
		B82023652C779CDB002F0494 /* Debug */ = {
			isa = XCBuildConfiguration;
			buildSettings = {
				ALWAYS_EMBED_SWIFT_STANDARD_LIBRARIES = YES;
				BUNDLE_LOADER = "$(TEST_HOST)";
				CODE_SIGN_STYLE = Automatic;
				CURRENT_PROJECT_VERSION = 1;
				DEVELOPMENT_TEAM = CJ4U3HXF7J;
				GENERATE_INFOPLIST_FILE = YES;
				IPHONEOS_DEPLOYMENT_TARGET = 17.2;
				MARKETING_VERSION = 1.0;
				PRODUCT_BUNDLE_IDENTIFIER = "fr.RedouaneAmour.Le-BaluchonTests";
				PRODUCT_NAME = "$(TARGET_NAME)";
				SWIFT_EMIT_LOC_STRINGS = NO;
				SWIFT_VERSION = 5.0;
				TARGETED_DEVICE_FAMILY = "1,2";
				TEST_HOST = "$(BUILT_PRODUCTS_DIR)/Le-Baluchon.app/$(BUNDLE_EXECUTABLE_FOLDER_PATH)/Le-Baluchon";
			};
			name = Debug;
		};
		B82023662C779CDB002F0494 /* Release */ = {
			isa = XCBuildConfiguration;
			buildSettings = {
				ALWAYS_EMBED_SWIFT_STANDARD_LIBRARIES = YES;
				BUNDLE_LOADER = "$(TEST_HOST)";
				CODE_SIGN_STYLE = Automatic;
				CURRENT_PROJECT_VERSION = 1;
				DEVELOPMENT_TEAM = CJ4U3HXF7J;
				GENERATE_INFOPLIST_FILE = YES;
				IPHONEOS_DEPLOYMENT_TARGET = 17.2;
				MARKETING_VERSION = 1.0;
				PRODUCT_BUNDLE_IDENTIFIER = "fr.RedouaneAmour.Le-BaluchonTests";
				PRODUCT_NAME = "$(TARGET_NAME)";
				SWIFT_EMIT_LOC_STRINGS = NO;
				SWIFT_VERSION = 5.0;
				TARGETED_DEVICE_FAMILY = "1,2";
				TEST_HOST = "$(BUILT_PRODUCTS_DIR)/Le-Baluchon.app/$(BUNDLE_EXECUTABLE_FOLDER_PATH)/Le-Baluchon";
			};
			name = Release;
		};
/* End XCBuildConfiguration section */

/* Begin XCConfigurationList section */
		B82023382C779CD8002F0494 /* Build configuration list for PBXProject "Le-Baluchon" */ = {
			isa = XCConfigurationList;
			buildConfigurations = (
				B820235F2C779CDB002F0494 /* Debug */,
				B82023602C779CDB002F0494 /* Release */,
			);
			defaultConfigurationIsVisible = 0;
			defaultConfigurationName = Release;
		};
		B82023612C779CDB002F0494 /* Build configuration list for PBXNativeTarget "Le-Baluchon" */ = {
			isa = XCConfigurationList;
			buildConfigurations = (
				B82023622C779CDB002F0494 /* Debug */,
				B82023632C779CDB002F0494 /* Release */,
			);
			defaultConfigurationIsVisible = 0;
			defaultConfigurationName = Release;
		};
		B82023642C779CDB002F0494 /* Build configuration list for PBXNativeTarget "Le-BaluchonTests" */ = {
			isa = XCConfigurationList;
			buildConfigurations = (
				B82023652C779CDB002F0494 /* Debug */,
				B82023662C779CDB002F0494 /* Release */,
			);
			defaultConfigurationIsVisible = 0;
			defaultConfigurationName = Release;
		};
/* End XCConfigurationList section */
	};
	rootObject = B82023352C779CD8002F0494 /* Project object */;
}
